
Microsoft Visual Studio Solution File, Format Version 11.00
# Visual Studio 2010
Project("{FAE04EC0-301F-11D3-BF4B-00C04F79EFBC}") = "Comp Proj 1", "Assembly-CSharp.csproj", "{EE5B2C4B-6BEE-093F-C93B-063C75A47059}"
EndProject
Global
	GlobalSection(SolutionConfigurationPlatforms) = preSolution
		Debug|Any CPU = Debug|Any CPU
		Release|Any CPU = Release|Any CPU
	EndGlobalSection
	GlobalSection(ProjectConfigurationPlatforms) = postSolution
		{EE5B2C4B-6BEE-093F-C93B-063C75A47059}.Debug|Any CPU.ActiveCfg = Debug|Any CPU
		{EE5B2C4B-6BEE-093F-C93B-063C75A47059}.Debug|Any CPU.Build.0 = Debug|Any CPU
		{EE5B2C4B-6BEE-093F-C93B-063C75A47059}.Release|Any CPU.ActiveCfg = Release|Any CPU
		{EE5B2C4B-6BEE-093F-C93B-063C75A47059}.Release|Any CPU.Build.0 = Release|Any CPU
	EndGlobalSection
	GlobalSection(SolutionProperties) = preSolution
		HideSolutionNode = FALSE
	EndGlobalSection
	GlobalSection(MonoDevelopProperties) = preSolution
		StartupItem = Assembly-CSharp.csproj
	EndGlobalSection
EndGlobal
